// !$*UTF8*$!
{
	archiveVersion = 1;
	classes = {
	};
	objectVersion = 48;
	objects = {

/* Begin PBXBuildFile section */
		22DC2C0E1FCB1A6D00F493DA /* AppDelegate.swift in Sources */ = {isa = PBXBuildFile; fileRef = 22DC2C0D1FCB1A6D00F493DA /* AppDelegate.swift */; };
		22DC2C101FCB1A6D00F493DA /* ViewController.swift in Sources */ = {isa = PBXBuildFile; fileRef = 22DC2C0F1FCB1A6D00F493DA /* ViewController.swift */; };
		22DC2C131FCB1A6D00F493DA /* Main.storyboard in Resources */ = {isa = PBXBuildFile; fileRef = 22DC2C111FCB1A6D00F493DA /* Main.storyboard */; };
		22DC2C181FCB1A6D00F493DA /* LaunchScreen.storyboard in Resources */ = {isa = PBXBuildFile; fileRef = 22DC2C161FCB1A6D00F493DA /* LaunchScreen.storyboard */; };
		22DC2C201FCB321200F493DA /* Models.scnassets in Resources */ = {isa = PBXBuildFile; fileRef = 22DC2C1F1FCB321200F493DA /* Models.scnassets */; };
		22DC2C241FCB5E5100F493DA /* Assets.xcassets in Resources */ = {isa = PBXBuildFile; fileRef = 22DC2C231FCB5E5100F493DA /* Assets.xcassets */; };
/* End PBXBuildFile section */

/* Begin PBXFileReference section */
		22DC2C0A1FCB1A6D00F493DA /* AugmentedRealityApp.app */ = {isa = PBXFileReference; explicitFileType = wrapper.application; includeInIndex = 0; path = AugmentedRealityApp.app; sourceTree = BUILT_PRODUCTS_DIR; };
		22DC2C0D1FCB1A6D00F493DA /* AppDelegate.swift */ = {isa = PBXFileReference; lastKnownFileType = sourcecode.swift; path = AppDelegate.swift; sourceTree = "<group>"; };
		22DC2C0F1FCB1A6D00F493DA /* ViewController.swift */ = {isa = PBXFileReference; lastKnownFileType = sourcecode.swift; path = ViewController.swift; sourceTree = "<group>"; };
		22DC2C121FCB1A6D00F493DA /* Base */ = {isa = PBXFileReference; lastKnownFileType = file.storyboard; name = Base; path = Base.lproj/Main.storyboard; sourceTree = "<group>"; };
		22DC2C171FCB1A6D00F493DA /* Base */ = {isa = PBXFileReference; lastKnownFileType = file.storyboard; name = Base; path = Base.lproj/LaunchScreen.storyboard; sourceTree = "<group>"; };
		22DC2C191FCB1A6D00F493DA /* Info.plist */ = {isa = PBXFileReference; lastKnownFileType = text.plist.xml; path = Info.plist; sourceTree = "<group>"; };
		22DC2C1F1FCB321200F493DA /* Models.scnassets */ = {isa = PBXFileReference; lastKnownFileType = wrapper.scnassets; path = Models.scnassets; sourceTree = "<group>"; };
		22DC2C231FCB5E5100F493DA /* Assets.xcassets */ = {isa = PBXFileReference; lastKnownFileType = folder.assetcatalog; path = Assets.xcassets; sourceTree = "<group>"; };
/* End PBXFileReference section */

/* Begin PBXFrameworksBuildPhase section */
		22DC2C071FCB1A6D00F493DA /* Frameworks */ = {
			isa = PBXFrameworksBuildPhase;
			buildActionMask = 2147483647;
			files = (
			);
			runOnlyForDeploymentPostprocessing = 0;
		};
/* End PBXFrameworksBuildPhase section */

/* Begin PBXGroup section */
		22DC2C011FCB1A6D00F493DA = {
			isa = PBXGroup;
			children = (
				22DC2C0C1FCB1A6D00F493DA /* AugmentedRealityApp */,
				22DC2C0B1FCB1A6D00F493DA /* Products */,
			);
			sourceTree = "<group>";
		};
		22DC2C0B1FCB1A6D00F493DA /* Products */ = {
			isa = PBXGroup;
			children = (
				22DC2C0A1FCB1A6D00F493DA /* AugmentedRealityApp.app */,
			);
			name = Products;
			sourceTree = "<group>";
		};
		22DC2C0C1FCB1A6D00F493DA /* AugmentedRealityApp */ = {
			isa = PBXGroup;
			children = (
				22DC2C0D1FCB1A6D00F493DA /* AppDelegate.swift */,
				22DC2C0F1FCB1A6D00F493DA /* ViewController.swift */,
				22DC2C111FCB1A6D00F493DA /* Main.storyboard */,
				22DC2C231FCB5E5100F493DA /* Assets.xcassets */,
				22DC2C1F1FCB321200F493DA /* Models.scnassets */,
				22DC2C161FCB1A6D00F493DA /* LaunchScreen.storyboard */,
				22DC2C191FCB1A6D00F493DA /* Info.plist */,
			);
			path = AugmentedRealityApp;
			sourceTree = "<group>";
		};
/* End PBXGroup section */

/* Begin PBXNativeTarget section */
		22DC2C091FCB1A6D00F493DA /* AugmentedRealityApp */ = {
			isa = PBXNativeTarget;
			buildConfigurationList = 22DC2C1C1FCB1A6D00F493DA /* Build configuration list for PBXNativeTarget "AugmentedRealityApp" */;
			buildPhases = (
				22DC2C061FCB1A6D00F493DA /* Sources */,
				22DC2C071FCB1A6D00F493DA /* Frameworks */,
				22DC2C081FCB1A6D00F493DA /* Resources */,
			);
			buildRules = (
			);
			dependencies = (
			);
			name = AugmentedRealityApp;
			productName = AugmentedRealityApp;
			productReference = 22DC2C0A1FCB1A6D00F493DA /* AugmentedRealityApp.app */;
			productType = "com.apple.product-type.application";
		};
/* End PBXNativeTarget section */

/* Begin PBXProject section */
		22DC2C021FCB1A6D00F493DA /* Project object */ = {
			isa = PBXProject;
			attributes = {
				LastSwiftUpdateCheck = 0910;
				LastUpgradeCheck = 0910;
				ORGANIZATIONNAME = amberApps;
				TargetAttributes = {
					22DC2C091FCB1A6D00F493DA = {
						CreatedOnToolsVersion = 9.1;
						ProvisioningStyle = Automatic;
					};
				};
			};
			buildConfigurationList = 22DC2C051FCB1A6D00F493DA /* Build configuration list for PBXProject "AugmentedRealityApp" */;
			compatibilityVersion = "Xcode 8.0";
			developmentRegion = en;
			hasScannedForEncodings = 0;
			knownRegions = (
				en,
				Base,
			);
			mainGroup = 22DC2C011FCB1A6D00F493DA;
			productRefGroup = 22DC2C0B1FCB1A6D00F493DA /* Products */;
			projectDirPath = "";
			projectRoot = "";
			targets = (
				22DC2C091FCB1A6D00F493DA /* AugmentedRealityApp */,
			);
		};
/* End PBXProject section */

/* Begin PBXResourcesBuildPhase section */
		22DC2C081FCB1A6D00F493DA /* Resources */ = {
			isa = PBXResourcesBuildPhase;
			buildActionMask = 2147483647;
			files = (
				22DC2C181FCB1A6D00F493DA /* LaunchScreen.storyboard in Resources */,
				22DC2C201FCB321200F493DA /* Models.scnassets in Resources */,
				22DC2C241FCB5E5100F493DA /* Assets.xcassets in Resources */,
				22DC2C131FCB1A6D00F493DA /* Main.storyboard in Resources */,
			);
			runOnlyForDeploymentPostprocessing = 0;
		};
/* End PBXResourcesBuildPhase section */

/* Begin PBXSourcesBuildPhase section */
		22DC2C061FCB1A6D00F493DA /* Sources */ = {
			isa = PBXSourcesBuildPhase;
			buildActionMask = 2147483647;
			files = (
				22DC2C101FCB1A6D00F493DA /* ViewController.swift in Sources */,
				22DC2C0E1FCB1A6D00F493DA /* AppDelegate.swift in Sources */,
			);
			runOnlyForDeploymentPostprocessing = 0;
		};
/* End PBXSourcesBuildPhase section */

/* Begin PBXVariantGroup section */
		22DC2C111FCB1A6D00F493DA /* Main.storyboard */ = {
			isa = PBXVariantGroup;
			children = (
				22DC2C121FCB1A6D00F493DA /* Base */,
			);
			name = Main.storyboard;
			sourceTree = "<group>";
		};
		22DC2C161FCB1A6D00F493DA /* LaunchScreen.storyboard */ = {
			isa = PBXVariantGroup;
			children = (
				22DC2C171FCB1A6D00F493DA /* Base */,
			);
			name = LaunchScreen.storyboard;
			sourceTree = "<group>";
		};
/* End PBXVariantGroup section */

/* Begin XCBuildConfiguration section */
		22DC2C1A1FCB1A6D00F493DA /* Debug */ = {
			isa = XCBuildConfiguration;
			buildSettings = {
				ALWAYS_SEARCH_USER_PATHS = NO;
				CLANG_ANALYZER_NONNULL = YES;
				CLANG_ANALYZER_NUMBER_OBJECT_CONVERSION = YES_AGGRESSIVE;
				CLANG_CXX_LANGUAGE_STANDARD = "gnu++14";
				CLANG_CXX_LIBRARY = "libc++";
				CLANG_ENABLE_MODULES = YES;
				CLANG_ENABLE_OBJC_ARC = YES;
				CLANG_WARN_BLOCK_CAPTURE_AUTORELEASING = YES;
				CLANG_WARN_BOOL_CONVERSION = YES;
				CLANG_WARN_COMMA = YES;
				CLANG_WARN_CONSTANT_CONVERSION = YES;
				CLANG_WARN_DIRECT_OBJC_ISA_USAGE = YES_ERROR;
				CLANG_WARN_DOCUMENTATION_COMMENTS = YES;
				CLANG_WARN_EMPTY_BODY = YES;
				CLANG_WARN_ENUM_CONVERSION = YES;
				CLANG_WARN_INFINITE_RECURSION = YES;
				CLANG_WARN_INT_CONVERSION = YES;
				CLANG_WARN_NON_LITERAL_NULL_CONVERSION = YES;
				CLANG_WARN_OBJC_LITERAL_CONVERSION = YES;
				CLANG_WARN_OBJC_ROOT_CLASS = YES_ERROR;
				CLANG_WARN_RANGE_LOOP_ANALYSIS = YES;
				CLANG_WARN_STRICT_PROTOTYPES = YES;
				CLANG_WARN_SUSPICIOUS_MOVE = YES;
				CLANG_WARN_UNGUARDED_AVAILABILITY = YES_AGGRESSIVE;
				CLANG_WARN_UNREACHABLE_CODE = YES;
				CLANG_WARN__DUPLICATE_METHOD_MATCH = YES;
				CODE_SIGN_IDENTITY = "iPhone Developer";
				COPY_PHASE_STRIP = NO;
				DEBUG_INFORMATION_FORMAT = dwarf;
				ENABLE_STRICT_OBJC_MSGSEND = YES;
				ENABLE_TESTABILITY = YES;
				GCC_C_LANGUAGE_STANDARD = gnu11;
				GCC_DYNAMIC_NO_PIC = NO;
				GCC_NO_COMMON_BLOCKS = YES;
				GCC_OPTIMIZATION_LEVEL = 0;
				GCC_PREPROCESSOR_DEFINITIONS = (
					"DEBUG=1",
					"$(inherited)",
				);
				GCC_WARN_64_TO_32_BIT_CONVERSION = YES;
				GCC_WARN_ABOUT_RETURN_TYPE = YES_ERROR;
				GCC_WARN_UNDECLARED_SELECTOR = YES;
				GCC_WARN_UNINITIALIZED_AUTOS = YES_AGGRESSIVE;
				GCC_WARN_UNUSED_FUNCTION = YES;
				GCC_WARN_UNUSED_VARIABLE = YES;
				IPHONEOS_DEPLOYMENT_TARGET = 11.1;
				MTL_ENABLE_DEBUG_INFO = YES;
				ONLY_ACTIVE_ARCH = YES;
				SDKROOT = iphoneos;
				SWIFT_ACTIVE_COMPILATION_CONDITIONS = DEBUG;
				SWIFT_OPTIMIZATION_LEVEL = "-Onone";
			};
			name = Debug;
		};
		22DC2C1B1FCB1A6D00F493DA /* Release */ = {
			isa = XCBuildConfiguration;
			buildSettings = {
				ALWAYS_SEARCH_USER_PATHS = NO;
				CLANG_ANALYZER_NONNULL = YES;
				CLANG_ANALYZER_NUMBER_OBJECT_CONVERSION = YES_AGGRESSIVE;
				CLANG_CXX_LANGUAGE_STANDARD = "gnu++14";
				CLANG_CXX_LIBRARY = "libc++";
				CLANG_ENABLE_MODULES = YES;
				CLANG_ENABLE_OBJC_ARC = YES;
				CLANG_WARN_BLOCK_CAPTURE_AUTORELEASING = YES;
				CLANG_WARN_BOOL_CONVERSION = YES;
				CLANG_WARN_COMMA = YES;
				CLANG_WARN_CONSTANT_CONVERSION = YES;
				CLANG_WARN_DIRECT_OBJC_ISA_USAGE = YES_ERROR;
				CLANG_WARN_DOCUMENTATION_COMMENTS = YES;
				CLANG_WARN_EMPTY_BODY = YES;
				CLANG_WARN_ENUM_CONVERSION = YES;
				CLANG_WARN_INFINITE_RECURSION = YES;
				CLANG_WARN_INT_CONVERSION = YES;
				CLANG_WARN_NON_LITERAL_NULL_CONVERSION = YES;
				CLANG_WARN_OBJC_LITERAL_CONVERSION = YES;
				CLANG_WARN_OBJC_ROOT_CLASS = YES_ERROR;
				CLANG_WARN_RANGE_LOOP_ANALYSIS = YES;
				CLANG_WARN_STRICT_PROTOTYPES = YES;
				CLANG_WARN_SUSPICIOUS_MOVE = YES;
				CLANG_WARN_UNGUARDED_AVAILABILITY = YES_AGGRESSIVE;
				CLANG_WARN_UNREACHABLE_CODE = YES;
				CLANG_WARN__DUPLICATE_METHOD_MATCH = YES;
				CODE_SIGN_IDENTITY = "iPhone Developer";
				COPY_PHASE_STRIP = NO;
				DEBUG_INFORMATION_FORMAT = "dwarf-with-dsym";
				ENABLE_NS_ASSERTIONS = NO;
				ENABLE_STRICT_OBJC_MSGSEND = YES;
				GCC_C_LANGUAGE_STANDARD = gnu11;
				GCC_NO_COMMON_BLOCKS = YES;
				GCC_WARN_64_TO_32_BIT_CONVERSION = YES;
				GCC_WARN_ABOUT_RETURN_TYPE = YES_ERROR;
				GCC_WARN_UNDECLARED_SELECTOR = YES;
				GCC_WARN_UNINITIALIZED_AUTOS = YES_AGGRESSIVE;
				GCC_WARN_UNUSED_FUNCTION = YES;
				GCC_WARN_UNUSED_VARIABLE = YES;
				IPHONEOS_DEPLOYMENT_TARGET = 11.1;
				MTL_ENABLE_DEBUG_INFO = NO;
				SDKROOT = iphoneos;
				SWIFT_OPTIMIZATION_LEVEL = "-Owholemodule";
				VALIDATE_PRODUCT = YES;
			};
			name = Release;
		};
		22DC2C1D1FCB1A6D00F493DA /* Debug */ = {
			isa = XCBuildConfiguration;
			buildSettings = {
				ASSETCATALOG_COMPILER_APPICON_NAME = AppIcon;
				CODE_SIGN_STYLE = Automatic;
				DEVELOPMENT_TEAM = P3Y6KB76J9;
				INFOPLIST_FILE = AugmentedRealityApp/Info.plist;
				LD_RUNPATH_SEARCH_PATHS = "$(inherited) @executable_path/Frameworks";
				PRODUCT_BUNDLE_IDENTIFIER = com.amberApps.AugmentedRealityApp;
				PRODUCT_NAME = "$(TARGET_NAME)";
				SWIFT_VERSION = 4.0;
				TARGETED_DEVICE_FAMILY = "1,2";
			};
			name = Debug;
		};
		22DC2C1E1FCB1A6D00F493DA /* Release */ = {
			isa = XCBuildConfiguration;
			buildSettings = {
				ASSETCATALOG_COMPILER_APPICON_NAME = AppIcon;
				CODE_SIGN_STYLE = Automatic;
				DEVELOPMENT_TEAM = P3Y6KB76J9;
				INFOPLIST_FILE = AugmentedRealityApp/Info.plist;
				LD_RUNPATH_SEARCH_PATHS = "$(inherited) @executable_path/Frameworks";
				PRODUCT_BUNDLE_IDENTIFIER = com.amberApps.AugmentedRealityApp;
				PRODUCT_NAME = "$(TARGET_NAME)";
				SWIFT_VERSION = 4.0;
				TARGETED_DEVICE_FAMILY = "1,2";
			};
			name = Release;
		};
/* End XCBuildConfiguration section */

/* Begin XCConfigurationList section */
		22DC2C051FCB1A6D00F493DA /* Build configuration list for PBXProject "AugmentedRealityApp" */ = {
			isa = XCConfigurationList;
			buildConfigurations = (
				22DC2C1A1FCB1A6D00F493DA /* Debug */,
				22DC2C1B1FCB1A6D00F493DA /* Release */,
			);
			defaultConfigurationIsVisible = 0;
			defaultConfigurationName = Release;
		};
		22DC2C1C1FCB1A6D00F493DA /* Build configuration list for PBXNativeTarget "AugmentedRealityApp" */ = {
			isa = XCConfigurationList;
			buildConfigurations = (
				22DC2C1D1FCB1A6D00F493DA /* Debug */,
				22DC2C1E1FCB1A6D00F493DA /* Release */,
			);
			defaultConfigurationIsVisible = 0;
			defaultConfigurationName = Release;
		};
/* End XCConfigurationList section */
	};
	rootObject = 22DC2C021FCB1A6D00F493DA /* Project object */;
}
